// !$*UTF8*$!
{
	archiveVersion = 1;
	classes = {
	};
	objectVersion = 50;
	objects = {

/* Begin PBXBuildFile section */
		20A5A94F0D22E284965D6ED7 /* Pods_MasterMindGameTests.framework in Frameworks */ = {isa = PBXBuildFile; fileRef = 421FB7DA3AA4ABC3FFD4AA1B /* Pods_MasterMindGameTests.framework */; };
		5AB090BB24E93AEC002BE831 /* AppDelegate.swift in Sources */ = {isa = PBXBuildFile; fileRef = 5AB090BA24E93AEC002BE831 /* AppDelegate.swift */; };
		5AB090C024E93AEC002BE831 /* Main.storyboard in Resources */ = {isa = PBXBuildFile; fileRef = 5AB090BE24E93AEC002BE831 /* Main.storyboard */; };
		5AB090C224E93AEC002BE831 /* Assets.xcassets in Resources */ = {isa = PBXBuildFile; fileRef = 5AB090C124E93AEC002BE831 /* Assets.xcassets */; };
		5AB090C524E93AEC002BE831 /* LaunchScreen.storyboard in Resources */ = {isa = PBXBuildFile; fileRef = 5AB090C324E93AEC002BE831 /* LaunchScreen.storyboard */; };
		5AB090D024E93AEC002BE831 /* MasterMindGameTests.swift in Sources */ = {isa = PBXBuildFile; fileRef = 5AB090CF24E93AEC002BE831 /* MasterMindGameTests.swift */; };
		5AB090DB24E93B1C002BE831 /* TextValidateViewController.swift in Sources */ = {isa = PBXBuildFile; fileRef = 5AB090DA24E93B1C002BE831 /* TextValidateViewController.swift */; };
		5AB090DD24E93B8B002BE831 /* MasterMindValidator.swift in Sources */ = {isa = PBXBuildFile; fileRef = 5AB090DC24E93B8B002BE831 /* MasterMindValidator.swift */; };
		5AB090E024E93C41002BE831 /* AppConstants.swift in Sources */ = {isa = PBXBuildFile; fileRef = 5AB090DF24E93C41002BE831 /* AppConstants.swift */; };
		91A21D36F91CC5BE194491A2 /* Pods_MasterMindGame.framework in Frameworks */ = {isa = PBXBuildFile; fileRef = 2BE08DDBB7B178D398CBE59D /* Pods_MasterMindGame.framework */; };
/* End PBXBuildFile section */

/* Begin PBXContainerItemProxy section */
		5AB090CC24E93AEC002BE831 /* PBXContainerItemProxy */ = {
			isa = PBXContainerItemProxy;
			containerPortal = 5AB090AF24E93AEB002BE831 /* Project object */;
			proxyType = 1;
			remoteGlobalIDString = 5AB090B624E93AEC002BE831;
			remoteInfo = MasterMindGame;
		};
/* End PBXContainerItemProxy section */

/* Begin PBXFileReference section */
		2BE08DDBB7B178D398CBE59D /* Pods_MasterMindGame.framework */ = {isa = PBXFileReference; explicitFileType = wrapper.framework; includeInIndex = 0; path = Pods_MasterMindGame.framework; sourceTree = BUILT_PRODUCTS_DIR; };
		421FB7DA3AA4ABC3FFD4AA1B /* Pods_MasterMindGameTests.framework */ = {isa = PBXFileReference; explicitFileType = wrapper.framework; includeInIndex = 0; path = Pods_MasterMindGameTests.framework; sourceTree = BUILT_PRODUCTS_DIR; };
		56031FC6967D4A5DAAC1F470 /* Pods-MasterMindGame.release.xcconfig */ = {isa = PBXFileReference; includeInIndex = 1; lastKnownFileType = text.xcconfig; name = "Pods-MasterMindGame.release.xcconfig"; path = "Target Support Files/Pods-MasterMindGame/Pods-MasterMindGame.release.xcconfig"; sourceTree = "<group>"; };
		5AB090B724E93AEC002BE831 /* MasterMindGame.app */ = {isa = PBXFileReference; explicitFileType = wrapper.application; includeInIndex = 0; path = MasterMindGame.app; sourceTree = BUILT_PRODUCTS_DIR; };
		5AB090BA24E93AEC002BE831 /* AppDelegate.swift */ = {isa = PBXFileReference; lastKnownFileType = sourcecode.swift; path = AppDelegate.swift; sourceTree = "<group>"; };
		5AB090BF24E93AEC002BE831 /* Base */ = {isa = PBXFileReference; lastKnownFileType = file.storyboard; name = Base; path = Base.lproj/Main.storyboard; sourceTree = "<group>"; };
		5AB090C124E93AEC002BE831 /* Assets.xcassets */ = {isa = PBXFileReference; lastKnownFileType = folder.assetcatalog; path = Assets.xcassets; sourceTree = "<group>"; };
		5AB090C424E93AEC002BE831 /* Base */ = {isa = PBXFileReference; lastKnownFileType = file.storyboard; name = Base; path = Base.lproj/LaunchScreen.storyboard; sourceTree = "<group>"; };
		5AB090C624E93AEC002BE831 /* Info.plist */ = {isa = PBXFileReference; lastKnownFileType = text.plist.xml; path = Info.plist; sourceTree = "<group>"; };
		5AB090CB24E93AEC002BE831 /* MasterMindGameTests.xctest */ = {isa = PBXFileReference; explicitFileType = wrapper.cfbundle; includeInIndex = 0; path = MasterMindGameTests.xctest; sourceTree = BUILT_PRODUCTS_DIR; };
		5AB090CF24E93AEC002BE831 /* MasterMindGameTests.swift */ = {isa = PBXFileReference; lastKnownFileType = sourcecode.swift; path = MasterMindGameTests.swift; sourceTree = "<group>"; };
		5AB090D124E93AEC002BE831 /* Info.plist */ = {isa = PBXFileReference; lastKnownFileType = text.plist.xml; path = Info.plist; sourceTree = "<group>"; };
		5AB090DA24E93B1C002BE831 /* TextValidateViewController.swift */ = {isa = PBXFileReference; fileEncoding = 4; lastKnownFileType = sourcecode.swift; path = TextValidateViewController.swift; sourceTree = "<group>"; };
		5AB090DC24E93B8B002BE831 /* MasterMindValidator.swift */ = {isa = PBXFileReference; lastKnownFileType = sourcecode.swift; path = MasterMindValidator.swift; sourceTree = "<group>"; };
		5AB090DF24E93C41002BE831 /* AppConstants.swift */ = {isa = PBXFileReference; fileEncoding = 4; lastKnownFileType = sourcecode.swift; path = AppConstants.swift; sourceTree = "<group>"; };
		92D7953C2C9116421629C87C /* Pods-MasterMindGameTests.debug.xcconfig */ = {isa = PBXFileReference; includeInIndex = 1; lastKnownFileType = text.xcconfig; name = "Pods-MasterMindGameTests.debug.xcconfig"; path = "Target Support Files/Pods-MasterMindGameTests/Pods-MasterMindGameTests.debug.xcconfig"; sourceTree = "<group>"; };
		D5AED0E61B622B75D704CFB4 /* Pods-MasterMindGameTests.release.xcconfig */ = {isa = PBXFileReference; includeInIndex = 1; lastKnownFileType = text.xcconfig; name = "Pods-MasterMindGameTests.release.xcconfig"; path = "Target Support Files/Pods-MasterMindGameTests/Pods-MasterMindGameTests.release.xcconfig"; sourceTree = "<group>"; };
		FAB147E2DA5FD0B393D57D3E /* Pods-MasterMindGame.debug.xcconfig */ = {isa = PBXFileReference; includeInIndex = 1; lastKnownFileType = text.xcconfig; name = "Pods-MasterMindGame.debug.xcconfig"; path = "Target Support Files/Pods-MasterMindGame/Pods-MasterMindGame.debug.xcconfig"; sourceTree = "<group>"; };
/* End PBXFileReference section */

/* Begin PBXFrameworksBuildPhase section */
		5AB090B424E93AEC002BE831 /* Frameworks */ = {
			isa = PBXFrameworksBuildPhase;
			buildActionMask = 2147483647;
			files = (
				91A21D36F91CC5BE194491A2 /* Pods_MasterMindGame.framework in Frameworks */,
			);
			runOnlyForDeploymentPostprocessing = 0;
		};
		5AB090C824E93AEC002BE831 /* Frameworks */ = {
			isa = PBXFrameworksBuildPhase;
			buildActionMask = 2147483647;
			files = (
				20A5A94F0D22E284965D6ED7 /* Pods_MasterMindGameTests.framework in Frameworks */,
			);
			runOnlyForDeploymentPostprocessing = 0;
		};
/* End PBXFrameworksBuildPhase section */

/* Begin PBXGroup section */
		2C189E4ADCF5AF6B038B0558 /* Frameworks */ = {
			isa = PBXGroup;
			children = (
				2BE08DDBB7B178D398CBE59D /* Pods_MasterMindGame.framework */,
				421FB7DA3AA4ABC3FFD4AA1B /* Pods_MasterMindGameTests.framework */,
			);
			name = Frameworks;
			sourceTree = "<group>";
		};
		30DF816ABF8AA78D20F88874 /* Pods */ = {
			isa = PBXGroup;
			children = (
				FAB147E2DA5FD0B393D57D3E /* Pods-MasterMindGame.debug.xcconfig */,
				56031FC6967D4A5DAAC1F470 /* Pods-MasterMindGame.release.xcconfig */,
				92D7953C2C9116421629C87C /* Pods-MasterMindGameTests.debug.xcconfig */,
				D5AED0E61B622B75D704CFB4 /* Pods-MasterMindGameTests.release.xcconfig */,
			);
			path = Pods;
			sourceTree = "<group>";
		};
		5AB090AE24E93AEB002BE831 = {
			isa = PBXGroup;
			children = (
				5AB090B924E93AEC002BE831 /* MasterMindGame */,
				5AB090CE24E93AEC002BE831 /* MasterMindGameTests */,
				5AB090B824E93AEC002BE831 /* Products */,
				30DF816ABF8AA78D20F88874 /* Pods */,
				2C189E4ADCF5AF6B038B0558 /* Frameworks */,
			);
			sourceTree = "<group>";
		};
		5AB090B824E93AEC002BE831 /* Products */ = {
			isa = PBXGroup;
			children = (
				5AB090B724E93AEC002BE831 /* MasterMindGame.app */,
				5AB090CB24E93AEC002BE831 /* MasterMindGameTests.xctest */,
			);
			name = Products;
			sourceTree = "<group>";
		};
		5AB090B924E93AEC002BE831 /* MasterMindGame */ = {
			isa = PBXGroup;
			children = (
				5AB090DE24E93C41002BE831 /* Constants */,
				5AB090DA24E93B1C002BE831 /* TextValidateViewController.swift */,
				5AB090BA24E93AEC002BE831 /* AppDelegate.swift */,
				5AB090BE24E93AEC002BE831 /* Main.storyboard */,
				5AB090C124E93AEC002BE831 /* Assets.xcassets */,
				5AB090C324E93AEC002BE831 /* LaunchScreen.storyboard */,
				5AB090C624E93AEC002BE831 /* Info.plist */,
			);
			path = MasterMindGame;
			sourceTree = "<group>";
		};
		5AB090CE24E93AEC002BE831 /* MasterMindGameTests */ = {
			isa = PBXGroup;
			children = (
				5AB090CF24E93AEC002BE831 /* MasterMindGameTests.swift */,
				5AB090DC24E93B8B002BE831 /* MasterMindValidator.swift */,
				5AB090D124E93AEC002BE831 /* Info.plist */,
			);
			path = MasterMindGameTests;
			sourceTree = "<group>";
		};
		5AB090DE24E93C41002BE831 /* Constants */ = {
			isa = PBXGroup;
			children = (
				5AB090DF24E93C41002BE831 /* AppConstants.swift */,
			);
			path = Constants;
			sourceTree = "<group>";
		};
/* End PBXGroup section */

/* Begin PBXNativeTarget section */
		5AB090B624E93AEC002BE831 /* MasterMindGame */ = {
			isa = PBXNativeTarget;
			buildConfigurationList = 5AB090D424E93AEC002BE831 /* Build configuration list for PBXNativeTarget "MasterMindGame" */;
			buildPhases = (
				4C5E9952F12CD8AB692C2D52 /* [CP] Check Pods Manifest.lock */,
				5AB090B324E93AEC002BE831 /* Sources */,
				5AB090B424E93AEC002BE831 /* Frameworks */,
				5AB090B524E93AEC002BE831 /* Resources */,
				5AE6707424E94A5E00B87227 /* ShellScript */,
			);
			buildRules = (
			);
			dependencies = (
			);
			name = MasterMindGame;
			productName = MasterMindGame;
			productReference = 5AB090B724E93AEC002BE831 /* MasterMindGame.app */;
			productType = "com.apple.product-type.application";
		};
		5AB090CA24E93AEC002BE831 /* MasterMindGameTests */ = {
			isa = PBXNativeTarget;
			buildConfigurationList = 5AB090D724E93AEC002BE831 /* Build configuration list for PBXNativeTarget "MasterMindGameTests" */;
			buildPhases = (
				F80AC963935F4C665CB4C65C /* [CP] Check Pods Manifest.lock */,
				5AB090C724E93AEC002BE831 /* Sources */,
				5AB090C824E93AEC002BE831 /* Frameworks */,
				5AB090C924E93AEC002BE831 /* Resources */,
			);
			buildRules = (
			);
			dependencies = (
				5AB090CD24E93AEC002BE831 /* PBXTargetDependency */,
			);
			name = MasterMindGameTests;
			productName = MasterMindGameTests;
			productReference = 5AB090CB24E93AEC002BE831 /* MasterMindGameTests.xctest */;
			productType = "com.apple.product-type.bundle.unit-test";
		};
/* End PBXNativeTarget section */

/* Begin PBXProject section */
		5AB090AF24E93AEB002BE831 /* Project object */ = {
			isa = PBXProject;
			attributes = {
				LastSwiftUpdateCheck = 1020;
				LastUpgradeCheck = 1020;
				ORGANIZATIONNAME = Nikhil;
				TargetAttributes = {
					5AB090B624E93AEC002BE831 = {
						CreatedOnToolsVersion = 10.2.1;
					};
					5AB090CA24E93AEC002BE831 = {
						CreatedOnToolsVersion = 10.2.1;
						TestTargetID = 5AB090B624E93AEC002BE831;
					};
				};
			};
			buildConfigurationList = 5AB090B224E93AEB002BE831 /* Build configuration list for PBXProject "MasterMindGame" */;
			compatibilityVersion = "Xcode 9.3";
			developmentRegion = en;
			hasScannedForEncodings = 0;
			knownRegions = (
				en,
				Base,
			);
			mainGroup = 5AB090AE24E93AEB002BE831;
			productRefGroup = 5AB090B824E93AEC002BE831 /* Products */;
			projectDirPath = "";
			projectRoot = "";
			targets = (
				5AB090B624E93AEC002BE831 /* MasterMindGame */,
				5AB090CA24E93AEC002BE831 /* MasterMindGameTests */,
			);
		};
/* End PBXProject section */

/* Begin PBXResourcesBuildPhase section */
		5AB090B524E93AEC002BE831 /* Resources */ = {
			isa = PBXResourcesBuildPhase;
			buildActionMask = 2147483647;
			files = (
				5AB090C524E93AEC002BE831 /* LaunchScreen.storyboard in Resources */,
				5AB090C224E93AEC002BE831 /* Assets.xcassets in Resources */,
				5AB090C024E93AEC002BE831 /* Main.storyboard in Resources */,
			);
			runOnlyForDeploymentPostprocessing = 0;
		};
		5AB090C924E93AEC002BE831 /* Resources */ = {
			isa = PBXResourcesBuildPhase;
			buildActionMask = 2147483647;
			files = (
			);
			runOnlyForDeploymentPostprocessing = 0;
		};
/* End PBXResourcesBuildPhase section */

/* Begin PBXShellScriptBuildPhase section */
		4C5E9952F12CD8AB692C2D52 /* [CP] Check Pods Manifest.lock */ = {
			isa = PBXShellScriptBuildPhase;
			buildActionMask = 2147483647;
			files = (
			);
			inputFileListPaths = (
			);
			inputPaths = (
				"${PODS_PODFILE_DIR_PATH}/Podfile.lock",
				"${PODS_ROOT}/Manifest.lock",
			);
			name = "[CP] Check Pods Manifest.lock";
			outputFileListPaths = (
			);
			outputPaths = (
				"$(DERIVED_FILE_DIR)/Pods-MasterMindGame-checkManifestLockResult.txt",
			);
			runOnlyForDeploymentPostprocessing = 0;
			shellPath = /bin/sh;
			shellScript = "diff \"${PODS_PODFILE_DIR_PATH}/Podfile.lock\" \"${PODS_ROOT}/Manifest.lock\" > /dev/null\nif [ $? != 0 ] ; then\n    # print error to STDERR\n    echo \"error: The sandbox is not in sync with the Podfile.lock. Run 'pod install' or update your CocoaPods installation.\" >&2\n    exit 1\nfi\n# This output is used by Xcode 'outputs' to avoid re-running this script phase.\necho \"SUCCESS\" > \"${SCRIPT_OUTPUT_FILE_0}\"\n";
			showEnvVarsInLog = 0;
		};
		5AE6707424E94A5E00B87227 /* ShellScript */ = {
			isa = PBXShellScriptBuildPhase;
			buildActionMask = 2147483647;
			files = (
			);
			inputFileListPaths = (
			);
			inputPaths = (
			);
			outputFileListPaths = (
			);
			outputPaths = (
			);
			runOnlyForDeploymentPostprocessing = 0;
			shellPath = /bin/sh;
			shellScript = "\"${PODS_ROOT}/SwiftLint/swiftlint\"\n";
		};
		F80AC963935F4C665CB4C65C /* [CP] Check Pods Manifest.lock */ = {
			isa = PBXShellScriptBuildPhase;
			buildActionMask = 2147483647;
			files = (
			);
			inputFileListPaths = (
			);
			inputPaths = (
				"${PODS_PODFILE_DIR_PATH}/Podfile.lock",
				"${PODS_ROOT}/Manifest.lock",
			);
			name = "[CP] Check Pods Manifest.lock";
			outputFileListPaths = (
			);
			outputPaths = (
				"$(DERIVED_FILE_DIR)/Pods-MasterMindGameTests-checkManifestLockResult.txt",
			);
			runOnlyForDeploymentPostprocessing = 0;
			shellPath = /bin/sh;
			shellScript = "diff \"${PODS_PODFILE_DIR_PATH}/Podfile.lock\" \"${PODS_ROOT}/Manifest.lock\" > /dev/null\nif [ $? != 0 ] ; then\n    # print error to STDERR\n    echo \"error: The sandbox is not in sync with the Podfile.lock. Run 'pod install' or update your CocoaPods installation.\" >&2\n    exit 1\nfi\n# This output is used by Xcode 'outputs' to avoid re-running this script phase.\necho \"SUCCESS\" > \"${SCRIPT_OUTPUT_FILE_0}\"\n";
			showEnvVarsInLog = 0;
		};
/* End PBXShellScriptBuildPhase section */

/* Begin PBXSourcesBuildPhase section */
		5AB090B324E93AEC002BE831 /* Sources */ = {
			isa = PBXSourcesBuildPhase;
			buildActionMask = 2147483647;
			files = (
				5AB090DB24E93B1C002BE831 /* TextValidateViewController.swift in Sources */,
				5AB090E024E93C41002BE831 /* AppConstants.swift in Sources */,
				5AB090BB24E93AEC002BE831 /* AppDelegate.swift in Sources */,
			);
			runOnlyForDeploymentPostprocessing = 0;
		};
		5AB090C724E93AEC002BE831 /* Sources */ = {
			isa = PBXSourcesBuildPhase;
			buildActionMask = 2147483647;
			files = (
				5AB090DD24E93B8B002BE831 /* MasterMindValidator.swift in Sources */,
				5AB090D024E93AEC002BE831 /* MasterMindGameTests.swift in Sources */,
			);
			runOnlyForDeploymentPostprocessing = 0;
		};
/* End PBXSourcesBuildPhase section */

/* Begin PBXTargetDependency section */
		5AB090CD24E93AEC002BE831 /* PBXTargetDependency */ = {
			isa = PBXTargetDependency;
			target = 5AB090B624E93AEC002BE831 /* MasterMindGame */;
			targetProxy = 5AB090CC24E93AEC002BE831 /* PBXContainerItemProxy */;
		};
/* End PBXTargetDependency section */

/* Begin PBXVariantGroup section */
		5AB090BE24E93AEC002BE831 /* Main.storyboard */ = {
			isa = PBXVariantGroup;
			children = (
				5AB090BF24E93AEC002BE831 /* Base */,
			);
			name = Main.storyboard;
			sourceTree = "<group>";
		};
		5AB090C324E93AEC002BE831 /* LaunchScreen.storyboard */ = {
			isa = PBXVariantGroup;
			children = (
				5AB090C424E93AEC002BE831 /* Base */,
			);
			name = LaunchScreen.storyboard;
			sourceTree = "<group>";
		};
/* End PBXVariantGroup section */

/* Begin XCBuildConfiguration section */
		5AB090D224E93AEC002BE831 /* Debug */ = {
			isa = XCBuildConfiguration;
			buildSettings = {
				ALWAYS_SEARCH_USER_PATHS = NO;
				CLANG_ANALYZER_NONNULL = YES;
				CLANG_ANALYZER_NUMBER_OBJECT_CONVERSION = YES_AGGRESSIVE;
				CLANG_CXX_LANGUAGE_STANDARD = "gnu++14";
				CLANG_CXX_LIBRARY = "libc++";
				CLANG_ENABLE_MODULES = YES;
				CLANG_ENABLE_OBJC_ARC = YES;
				CLANG_ENABLE_OBJC_WEAK = YES;
				CLANG_WARN_BLOCK_CAPTURE_AUTORELEASING = YES;
				CLANG_WARN_BOOL_CONVERSION = YES;
				CLANG_WARN_COMMA = YES;
				CLANG_WARN_CONSTANT_CONVERSION = YES;
				CLANG_WARN_DEPRECATED_OBJC_IMPLEMENTATIONS = YES;
				CLANG_WARN_DIRECT_OBJC_ISA_USAGE = YES_ERROR;
				CLANG_WARN_DOCUMENTATION_COMMENTS = YES;
				CLANG_WARN_EMPTY_BODY = YES;
				CLANG_WARN_ENUM_CONVERSION = YES;
				CLANG_WARN_INFINITE_RECURSION = YES;
				CLANG_WARN_INT_CONVERSION = YES;
				CLANG_WARN_NON_LITERAL_NULL_CONVERSION = YES;
				CLANG_WARN_OBJC_IMPLICIT_RETAIN_SELF = YES;
				CLANG_WARN_OBJC_LITERAL_CONVERSION = YES;
				CLANG_WARN_OBJC_ROOT_CLASS = YES_ERROR;
				CLANG_WARN_RANGE_LOOP_ANALYSIS = YES;
				CLANG_WARN_STRICT_PROTOTYPES = YES;
				CLANG_WARN_SUSPICIOUS_MOVE = YES;
				CLANG_WARN_UNGUARDED_AVAILABILITY = YES_AGGRESSIVE;
				CLANG_WARN_UNREACHABLE_CODE = YES;
				CLANG_WARN__DUPLICATE_METHOD_MATCH = YES;
				CODE_SIGN_IDENTITY = "iPhone Developer";
				COPY_PHASE_STRIP = NO;
				DEBUG_INFORMATION_FORMAT = dwarf;
				ENABLE_STRICT_OBJC_MSGSEND = YES;
				ENABLE_TESTABILITY = YES;
				GCC_C_LANGUAGE_STANDARD = gnu11;
				GCC_DYNAMIC_NO_PIC = NO;
				GCC_NO_COMMON_BLOCKS = YES;
				GCC_OPTIMIZATION_LEVEL = 0;
				GCC_PREPROCESSOR_DEFINITIONS = (
					"DEBUG=1",
					"$(inherited)",
				);
				GCC_WARN_64_TO_32_BIT_CONVERSION = YES;
				GCC_WARN_ABOUT_RETURN_TYPE = YES_ERROR;
				GCC_WARN_UNDECLARED_SELECTOR = YES;
				GCC_WARN_UNINITIALIZED_AUTOS = YES_AGGRESSIVE;
				GCC_WARN_UNUSED_FUNCTION = YES;
				GCC_WARN_UNUSED_VARIABLE = YES;
				IPHONEOS_DEPLOYMENT_TARGET = 12.2;
				MTL_ENABLE_DEBUG_INFO = INCLUDE_SOURCE;
				MTL_FAST_MATH = YES;
				ONLY_ACTIVE_ARCH = YES;
				SDKROOT = iphoneos;
				SWIFT_ACTIVE_COMPILATION_CONDITIONS = DEBUG;
				SWIFT_OPTIMIZATION_LEVEL = "-Onone";
			};
			name = Debug;
		};
		5AB090D324E93AEC002BE831 /* Release */ = {
			isa = XCBuildConfiguration;
			buildSettings = {
				ALWAYS_SEARCH_USER_PATHS = NO;
				CLANG_ANALYZER_NONNULL = YES;
				CLANG_ANALYZER_NUMBER_OBJECT_CONVERSION = YES_AGGRESSIVE;
				CLANG_CXX_LANGUAGE_STANDARD = "gnu++14";
				CLANG_CXX_LIBRARY = "libc++";
				CLANG_ENABLE_MODULES = YES;
				CLANG_ENABLE_OBJC_ARC = YES;
				CLANG_ENABLE_OBJC_WEAK = YES;
				CLANG_WARN_BLOCK_CAPTURE_AUTORELEASING = YES;
				CLANG_WARN_BOOL_CONVERSION = YES;
				CLANG_WARN_COMMA = YES;
				CLANG_WARN_CONSTANT_CONVERSION = YES;
				CLANG_WARN_DEPRECATED_OBJC_IMPLEMENTATIONS = YES;
				CLANG_WARN_DIRECT_OBJC_ISA_USAGE = YES_ERROR;
				CLANG_WARN_DOCUMENTATION_COMMENTS = YES;
				CLANG_WARN_EMPTY_BODY = YES;
				CLANG_WARN_ENUM_CONVERSION = YES;
				CLANG_WARN_INFINITE_RECURSION = YES;
				CLANG_WARN_INT_CONVERSION = YES;
				CLANG_WARN_NON_LITERAL_NULL_CONVERSION = YES;
				CLANG_WARN_OBJC_IMPLICIT_RETAIN_SELF = YES;
				CLANG_WARN_OBJC_LITERAL_CONVERSION = YES;
				CLANG_WARN_OBJC_ROOT_CLASS = YES_ERROR;
				CLANG_WARN_RANGE_LOOP_ANALYSIS = YES;
				CLANG_WARN_STRICT_PROTOTYPES = YES;
				CLANG_WARN_SUSPICIOUS_MOVE = YES;
				CLANG_WARN_UNGUARDED_AVAILABILITY = YES_AGGRESSIVE;
				CLANG_WARN_UNREACHABLE_CODE = YES;
				CLANG_WARN__DUPLICATE_METHOD_MATCH = YES;
				CODE_SIGN_IDENTITY = "iPhone Developer";
				COPY_PHASE_STRIP = NO;
				DEBUG_INFORMATION_FORMAT = "dwarf-with-dsym";
				ENABLE_NS_ASSERTIONS = NO;
				ENABLE_STRICT_OBJC_MSGSEND = YES;
				GCC_C_LANGUAGE_STANDARD = gnu11;
				GCC_NO_COMMON_BLOCKS = YES;
				GCC_WARN_64_TO_32_BIT_CONVERSION = YES;
				GCC_WARN_ABOUT_RETURN_TYPE = YES_ERROR;
				GCC_WARN_UNDECLARED_SELECTOR = YES;
				GCC_WARN_UNINITIALIZED_AUTOS = YES_AGGRESSIVE;
				GCC_WARN_UNUSED_FUNCTION = YES;
				GCC_WARN_UNUSED_VARIABLE = YES;
				IPHONEOS_DEPLOYMENT_TARGET = 12.2;
				MTL_ENABLE_DEBUG_INFO = NO;
				MTL_FAST_MATH = YES;
				SDKROOT = iphoneos;
				SWIFT_COMPILATION_MODE = wholemodule;
				SWIFT_OPTIMIZATION_LEVEL = "-O";
				VALIDATE_PRODUCT = YES;
			};
			name = Release;
		};
		5AB090D524E93AEC002BE831 /* Debug */ = {
			isa = XCBuildConfiguration;
			baseConfigurationReference = FAB147E2DA5FD0B393D57D3E /* Pods-MasterMindGame.debug.xcconfig */;
			buildSettings = {
				ASSETCATALOG_COMPILER_APPICON_NAME = AppIcon;
				CODE_SIGN_STYLE = Automatic;
				INFOPLIST_FILE = MasterMindGame/Info.plist;
				LD_RUNPATH_SEARCH_PATHS = (
					"$(inherited)",
					"@executable_path/Frameworks",
				);
				PRODUCT_BUNDLE_IDENTIFIER = com.infosys.MasterMindGame;
				PRODUCT_NAME = "$(TARGET_NAME)";
				SWIFT_VERSION = 5.0;
				TARGETED_DEVICE_FAMILY = "1,2";
			};
			name = Debug;
		};
		5AB090D624E93AEC002BE831 /* Release */ = {
			isa = XCBuildConfiguration;
			baseConfigurationReference = 56031FC6967D4A5DAAC1F470 /* Pods-MasterMindGame.release.xcconfig */;
			buildSettings = {
				ASSETCATALOG_COMPILER_APPICON_NAME = AppIcon;
				CODE_SIGN_STYLE = Automatic;
				INFOPLIST_FILE = MasterMindGame/Info.plist;
				LD_RUNPATH_SEARCH_PATHS = (
					"$(inherited)",
					"@executable_path/Frameworks",
				);
				PRODUCT_BUNDLE_IDENTIFIER = com.infosys.MasterMindGame;
				PRODUCT_NAME = "$(TARGET_NAME)";
				SWIFT_VERSION = 5.0;
				TARGETED_DEVICE_FAMILY = "1,2";
			};
			name = Release;
		};
		5AB090D824E93AEC002BE831 /* Debug */ = {
			isa = XCBuildConfiguration;
			baseConfigurationReference = 92D7953C2C9116421629C87C /* Pods-MasterMindGameTests.debug.xcconfig */;
			buildSettings = {
				ALWAYS_EMBED_SWIFT_STANDARD_LIBRARIES = YES;
				BUNDLE_LOADER = "$(TEST_HOST)";
				CODE_SIGN_STYLE = Automatic;
				INFOPLIST_FILE = MasterMindGameTests/Info.plist;
				LD_RUNPATH_SEARCH_PATHS = (
					"$(inherited)",
					"@executable_path/Frameworks",
					"@loader_path/Frameworks",
				);
				PRODUCT_BUNDLE_IDENTIFIER = com.infosys.MasterMindGameTests;
				PRODUCT_NAME = "$(TARGET_NAME)";
				SWIFT_VERSION = 5.0;
				TARGETED_DEVICE_FAMILY = "1,2";
				TEST_HOST = "$(BUILT_PRODUCTS_DIR)/MasterMindGame.app/MasterMindGame";
			};
			name = Debug;
		};
		5AB090D924E93AEC002BE831 /* Release */ = {
			isa = XCBuildConfiguration;
			baseConfigurationReference = D5AED0E61B622B75D704CFB4 /* Pods-MasterMindGameTests.release.xcconfig */;
			buildSettings = {
				ALWAYS_EMBED_SWIFT_STANDARD_LIBRARIES = YES;
				BUNDLE_LOADER = "$(TEST_HOST)";
				CODE_SIGN_STYLE = Automatic;
				INFOPLIST_FILE = MasterMindGameTests/Info.plist;
				LD_RUNPATH_SEARCH_PATHS = (
					"$(inherited)",
					"@executable_path/Frameworks",
					"@loader_path/Frameworks",
				);
				PRODUCT_BUNDLE_IDENTIFIER = com.infosys.MasterMindGameTests;
				PRODUCT_NAME = "$(TARGET_NAME)";
				SWIFT_VERSION = 5.0;
				TARGETED_DEVICE_FAMILY = "1,2";
				TEST_HOST = "$(BUILT_PRODUCTS_DIR)/MasterMindGame.app/MasterMindGame";
			};
			name = Release;
		};
/* End XCBuildConfiguration section */

/* Begin XCConfigurationList section */
		5AB090B224E93AEB002BE831 /* Build configuration list for PBXProject "MasterMindGame" */ = {
			isa = XCConfigurationList;
			buildConfigurations = (
				5AB090D224E93AEC002BE831 /* Debug */,
				5AB090D324E93AEC002BE831 /* Release */,
			);
			defaultConfigurationIsVisible = 0;
			defaultConfigurationName = Release;
		};
		5AB090D424E93AEC002BE831 /* Build configuration list for PBXNativeTarget "MasterMindGame" */ = {
			isa = XCConfigurationList;
			buildConfigurations = (
				5AB090D524E93AEC002BE831 /* Debug */,
				5AB090D624E93AEC002BE831 /* Release */,
			);
			defaultConfigurationIsVisible = 0;
			defaultConfigurationName = Release;
		};
		5AB090D724E93AEC002BE831 /* Build configuration list for PBXNativeTarget "MasterMindGameTests" */ = {
			isa = XCConfigurationList;
			buildConfigurations = (
				5AB090D824E93AEC002BE831 /* Debug */,
				5AB090D924E93AEC002BE831 /* Release */,
			);
			defaultConfigurationIsVisible = 0;
			defaultConfigurationName = Release;
		};
/* End XCConfigurationList section */
	};
	rootObject = 5AB090AF24E93AEB002BE831 /* Project object */;
}
